
Microsoft Visual Studio Solution File, Format Version 12.00
# Visual Studio 15
VisualStudioVersion = 15.0.28010.2048
MinimumVisualStudioVersion = 10.0.40219.1
Project("{9A19103F-16F7-4668-BE54-9A1E7A4F7556}") = "NuGet.PackageConfig.Reader.Contracts", "NuGet.PackageConfig.Reader.Contracts\NuGet.PackageConfig.Reader.Contracts.csproj", "{146C4514-CA27-492F-865D-0A2D99BEBD46}"
EndProject
Project("{9A19103F-16F7-4668-BE54-9A1E7A4F7556}") = "NuGet.PackageConfig.Reader", "NuGet.PackageConfig.Reader\NuGet.PackageConfig.Reader.csproj", "{41E1A721-D130-475F-951F-95CC35EF7E0F}"
EndProject
Project("{FAE04EC0-301F-11D3-BF4B-00C04F79EFBC}") = "NuGet.PackageConfig.Reader.Tests", "NuGet.PackageConfig.Reader.Tests\NuGet.PackageConfig.Reader.Tests.csproj", "{E73C8D46-A03F-4AA8-8EA5-AC8971C05245}"
EndProject
Project("{FAE04EC0-301F-11D3-BF4B-00C04F79EFBC}") = "NuGet.PackageConfig.Reader.Examples.Console", "NuGet.PackageConfig.Reader.Examples.Console\NuGet.PackageConfig.Reader.Examples.Console.csproj", "{32531465-ACEC-47C5-A2F6-A335F917DC8F}"
EndProject
Project("{2150E333-8FDC-42A3-9474-1A3956D46DE8}") = "Documentation", "Documentation", "{092A78EA-0BA6-4618-946A-F6985B16F890}"
	ProjectSection(SolutionItems) = preProject
		..\README.md = ..\README.md
	EndProjectSection
EndProject
Global
	GlobalSection(SolutionConfigurationPlatforms) = preSolution
		Debug|Any CPU = Debug|Any CPU
		Release|Any CPU = Release|Any CPU
	EndGlobalSection
	GlobalSection(ProjectConfigurationPlatforms) = postSolution
		{146C4514-CA27-492F-865D-0A2D99BEBD46}.Debug|Any CPU.ActiveCfg = Debug|Any CPU
		{146C4514-CA27-492F-865D-0A2D99BEBD46}.Debug|Any CPU.Build.0 = Debug|Any CPU
		{146C4514-CA27-492F-865D-0A2D99BEBD46}.Release|Any CPU.ActiveCfg = Release|Any CPU
		{146C4514-CA27-492F-865D-0A2D99BEBD46}.Release|Any CPU.Build.0 = Release|Any CPU
		{41E1A721-D130-475F-951F-95CC35EF7E0F}.Debug|Any CPU.ActiveCfg = Debug|Any CPU
		{41E1A721-D130-475F-951F-95CC35EF7E0F}.Debug|Any CPU.Build.0 = Debug|Any CPU
		{41E1A721-D130-475F-951F-95CC35EF7E0F}.Release|Any CPU.ActiveCfg = Release|Any CPU
		{41E1A721-D130-475F-951F-95CC35EF7E0F}.Release|Any CPU.Build.0 = Release|Any CPU
		{E73C8D46-A03F-4AA8-8EA5-AC8971C05245}.Debug|Any CPU.ActiveCfg = Debug|Any CPU
		{E73C8D46-A03F-4AA8-8EA5-AC8971C05245}.Debug|Any CPU.Build.0 = Debug|Any CPU
		{E73C8D46-A03F-4AA8-8EA5-AC8971C05245}.Release|Any CPU.ActiveCfg = Release|Any CPU
		{E73C8D46-A03F-4AA8-8EA5-AC8971C05245}.Release|Any CPU.Build.0 = Release|Any CPU
		{32531465-ACEC-47C5-A2F6-A335F917DC8F}.Debug|Any CPU.ActiveCfg = Debug|Any CPU
		{32531465-ACEC-47C5-A2F6-A335F917DC8F}.Debug|Any CPU.Build.0 = Debug|Any CPU
		{32531465-ACEC-47C5-A2F6-A335F917DC8F}.Release|Any CPU.ActiveCfg = Release|Any CPU
		{32531465-ACEC-47C5-A2F6-A335F917DC8F}.Release|Any CPU.Build.0 = Release|Any CPU
	EndGlobalSection
	GlobalSection(SolutionProperties) = preSolution
		HideSolutionNode = FALSE
	EndGlobalSection
	GlobalSection(ExtensibilityGlobals) = postSolution
		SolutionGuid = {B195D8D6-BD13-4C11-BE27-BA963BCB2F96}
	EndGlobalSection
EndGlobal
